
Microsoft Visual Studio Solution File, Format Version 12.00
# Visual Studio Version 16
VisualStudioVersion = 16.0.30002.166
MinimumVisualStudioVersion = 10.0.40219.1
Project("{FAE04EC0-301F-11D3-BF4B-00C04F79EFBC}") = "DateTimeSinifi", "DateTimeSinifi\DateTimeSinifi.csproj", "{7EAB232A-C307-4586-89DF-6415D1E82FAD}"
EndProject
Global
	GlobalSection(SolutionConfigurationPlatforms) = preSolution
		Debug|Any CPU = Debug|Any CPU
		Release|Any CPU = Release|Any CPU
	EndGlobalSection
	GlobalSection(ProjectConfigurationPlatforms) = postSolution
		{7EAB232A-C307-4586-89DF-6415D1E82FAD}.Debug|Any CPU.ActiveCfg = Debug|Any CPU
		{7EAB232A-C307-4586-89DF-6415D1E82FAD}.Debug|Any CPU.Build.0 = Debug|Any CPU
		{7EAB232A-C307-4586-89DF-6415D1E82FAD}.Release|Any CPU.ActiveCfg = Release|Any CPU
		{7EAB232A-C307-4586-89DF-6415D1E82FAD}.Release|Any CPU.Build.0 = Release|Any CPU
	EndGlobalSection
	GlobalSection(SolutionProperties) = preSolution
		HideSolutionNode = FALSE
	EndGlobalSection
	GlobalSection(ExtensibilityGlobals) = postSolution
		SolutionGuid = {2536FC39-8F86-4EE8-BA33-EC0883066B6C}
	EndGlobalSection
EndGlobal
